
Microsoft Visual Studio Solution File, Format Version 12.00
# Visual Studio Version 16
VisualStudioVersion = 16.0.33130.400
MinimumVisualStudioVersion = 10.0.40219.1
Project("{8BC9CEB8-8B4A-11D0-8D11-00A0C91BC942}") = "GA_horario_001", "GA_horario_001\GA_horario_001.vcxproj", "{9ED47A78-5514-4A43-9F51-C8C7F57D79E3}"
EndProject
Global
	GlobalSection(SolutionConfigurationPlatforms) = preSolution
		Debug|x64 = Debug|x64
		Debug|x86 = Debug|x86
		Release|x64 = Release|x64
		Release|x86 = Release|x86
	EndGlobalSection
	GlobalSection(ProjectConfigurationPlatforms) = postSolution
		{9ED47A78-5514-4A43-9F51-C8C7F57D79E3}.Debug|x64.ActiveCfg = Debug|x64
		{9ED47A78-5514-4A43-9F51-C8C7F57D79E3}.Debug|x64.Build.0 = Debug|x64
		{9ED47A78-5514-4A43-9F51-C8C7F57D79E3}.Debug|x86.ActiveCfg = Debug|Win32
		{9ED47A78-5514-4A43-9F51-C8C7F57D79E3}.Debug|x86.Build.0 = Debug|Win32
		{9ED47A78-5514-4A43-9F51-C8C7F57D79E3}.Release|x64.ActiveCfg = Release|x64
		{9ED47A78-5514-4A43-9F51-C8C7F57D79E3}.Release|x64.Build.0 = Release|x64
		{9ED47A78-5514-4A43-9F51-C8C7F57D79E3}.Release|x86.ActiveCfg = Release|Win32
		{9ED47A78-5514-4A43-9F51-C8C7F57D79E3}.Release|x86.Build.0 = Release|Win32
	EndGlobalSection
	GlobalSection(SolutionProperties) = preSolution
		HideSolutionNode = FALSE
	EndGlobalSection
	GlobalSection(ExtensibilityGlobals) = postSolution
		SolutionGuid = {54FC20E3-63AB-4A64-8680-543DCFD3CA35}
	EndGlobalSection
EndGlobal
